
Microsoft Visual Studio Solution File, Format Version 12.00
# Visual Studio 15
VisualStudioVersion = 15.0.27004.2009
MinimumVisualStudioVersion = 10.0.40219.1
Project("{FAE04EC0-301F-11D3-BF4B-00C04F79EFBC}") = "SchindlerASPNetTest", "SchindlerASPNetTest\SchindlerASPNetTest.csproj", "{60F7BDE4-4099-4B5E-849E-4E0771E3B1A0}"
EndProject
Global
	GlobalSection(SolutionConfigurationPlatforms) = preSolution
		Debug|Any CPU = Debug|Any CPU
		Release|Any CPU = Release|Any CPU
	EndGlobalSection
	GlobalSection(ProjectConfigurationPlatforms) = postSolution
		{60F7BDE4-4099-4B5E-849E-4E0771E3B1A0}.Debug|Any CPU.ActiveCfg = Debug|Any CPU
		{60F7BDE4-4099-4B5E-849E-4E0771E3B1A0}.Debug|Any CPU.Build.0 = Debug|Any CPU
		{60F7BDE4-4099-4B5E-849E-4E0771E3B1A0}.Release|Any CPU.ActiveCfg = Release|Any CPU
		{60F7BDE4-4099-4B5E-849E-4E0771E3B1A0}.Release|Any CPU.Build.0 = Release|Any CPU
	EndGlobalSection
	GlobalSection(SolutionProperties) = preSolution
		HideSolutionNode = FALSE
	EndGlobalSection
	GlobalSection(ExtensibilityGlobals) = postSolution
		SolutionGuid = {73BA0C98-8A8C-47F5-9CFB-C6EAB70A0760}
	EndGlobalSection
EndGlobal
